
Microsoft Visual Studio Solution File, Format Version 12.00
# Visual Studio Version 16
VisualStudioVersion = 16.0.30907.101
MinimumVisualStudioVersion = 10.0.40219.1
Project("{9A19103F-16F7-4668-BE54-9A1E7A4F7556}") = "Exercise1", "Kapitel1\Exercise1.csproj", "{265E43D8-5029-4BB3-856F-8F745A340941}"
EndProject
Project("{9A19103F-16F7-4668-BE54-9A1E7A4F7556}") = "Exercise2", "Uppgift2\Exercise2.csproj", "{5D589B81-C0D3-4292-ABA5-8C3EC5BD20CC}"
EndProject
Project("{9A19103F-16F7-4668-BE54-9A1E7A4F7556}") = "Exercise3", "Uppgift3\Exercise3.csproj", "{5DC0C4EC-22DE-47F1-A1AC-F3C04186FC77}"
EndProject
Project("{9A19103F-16F7-4668-BE54-9A1E7A4F7556}") = "Uppgift1.1", "Uppgift1.1\Uppgift1.1.csproj", "{CD2DB019-ECCC-405F-B9E3-BE6880D203FA}"
EndProject
Project("{9A19103F-16F7-4668-BE54-9A1E7A4F7556}") = "Uppgift1.2", "Uppgift1.2\Uppgift1.2.csproj", "{4DBFA7F5-0C36-49AC-B737-0067D7E232D2}"
EndProject
Project("{9A19103F-16F7-4668-BE54-9A1E7A4F7556}") = "Uppgift1.3", "Uppgift1.3\Uppgift1.3.csproj", "{B7733EFF-6689-494D-B336-16192CA8D764}"
EndProject
Project("{9A19103F-16F7-4668-BE54-9A1E7A4F7556}") = "Uppgift1.4", "Uppgift1.4\Uppgift1.4.csproj", "{25E5AE51-3AEC-4E95-A03B-3F01C1CAE988}"
EndProject
Project("{9A19103F-16F7-4668-BE54-9A1E7A4F7556}") = "Uppgift1.5", "Uppgift1.5\Uppgift1.5.csproj", "{2F9B552B-89E0-480A-8E46-73D310C761C5}"
EndProject
Project("{9A19103F-16F7-4668-BE54-9A1E7A4F7556}") = "Uppgift2.1", "Uppgift2.1\Uppgift2.1.csproj", "{405F4F05-38E0-4973-BBAD-B16142D16C4C}"
EndProject
Project("{9A19103F-16F7-4668-BE54-9A1E7A4F7556}") = "Uppgift1.8", "Uppgift1.8\Uppgift1.8.csproj", "{30EE3A66-1DC3-4889-A99C-6DF6BA2B3E8B}"
EndProject
Project("{9A19103F-16F7-4668-BE54-9A1E7A4F7556}") = "Uppgift2.2", "Uppgift2.2\Uppgift2.2.csproj", "{F21BF644-4CA6-4690-BDBB-2AB2AA32D138}"
EndProject
Project("{9A19103F-16F7-4668-BE54-9A1E7A4F7556}") = "Uppgift2.8", "Uppgift2.8\Uppgift2.8.csproj", "{A6E97FC0-5F1B-4A7A-963C-0DC965EBF1B9}"
EndProject
Project("{9A19103F-16F7-4668-BE54-9A1E7A4F7556}") = "Uppgift2.6", "Uppgift2.6\Uppgift2.6.csproj", "{F5DBBCF4-6833-4D11-8912-7249FE891766}"
EndProject
Project("{FAE04EC0-301F-11D3-BF4B-00C04F79EFBC}") = "Uppgift2.3", "Uppgift2.3\Uppgift2.3.csproj", "{FC6E1E0C-3FD9-4EF6-A87B-0A005415C860}"
EndProject
Project("{FAE04EC0-301F-11D3-BF4B-00C04F79EFBC}") = "Uppgift1.10", "Uppgift1.10\Uppgift1.10.csproj", "{88E52714-1684-4A68-AF50-C157A845B4E7}"
EndProject
Project("{FAE04EC0-301F-11D3-BF4B-00C04F79EFBC}") = "Uppgift2.5", "Uppgift2.5\Uppgift2.5.csproj", "{A5000D1B-029C-474B-90CA-369E049F575B}"
EndProject
Global
	GlobalSection(SolutionConfigurationPlatforms) = preSolution
		Debug|Any CPU = Debug|Any CPU
		Release|Any CPU = Release|Any CPU
	EndGlobalSection
	GlobalSection(ProjectConfigurationPlatforms) = postSolution
		{265E43D8-5029-4BB3-856F-8F745A340941}.Debug|Any CPU.ActiveCfg = Debug|Any CPU
		{265E43D8-5029-4BB3-856F-8F745A340941}.Debug|Any CPU.Build.0 = Debug|Any CPU
		{265E43D8-5029-4BB3-856F-8F745A340941}.Release|Any CPU.ActiveCfg = Release|Any CPU
		{265E43D8-5029-4BB3-856F-8F745A340941}.Release|Any CPU.Build.0 = Release|Any CPU
		{5D589B81-C0D3-4292-ABA5-8C3EC5BD20CC}.Debug|Any CPU.ActiveCfg = Debug|Any CPU
		{5D589B81-C0D3-4292-ABA5-8C3EC5BD20CC}.Debug|Any CPU.Build.0 = Debug|Any CPU
		{5D589B81-C0D3-4292-ABA5-8C3EC5BD20CC}.Release|Any CPU.ActiveCfg = Release|Any CPU
		{5D589B81-C0D3-4292-ABA5-8C3EC5BD20CC}.Release|Any CPU.Build.0 = Release|Any CPU
		{5DC0C4EC-22DE-47F1-A1AC-F3C04186FC77}.Debug|Any CPU.ActiveCfg = Debug|Any CPU
		{5DC0C4EC-22DE-47F1-A1AC-F3C04186FC77}.Debug|Any CPU.Build.0 = Debug|Any CPU
		{5DC0C4EC-22DE-47F1-A1AC-F3C04186FC77}.Release|Any CPU.ActiveCfg = Release|Any CPU
		{5DC0C4EC-22DE-47F1-A1AC-F3C04186FC77}.Release|Any CPU.Build.0 = Release|Any CPU
		{CD2DB019-ECCC-405F-B9E3-BE6880D203FA}.Debug|Any CPU.ActiveCfg = Debug|Any CPU
		{CD2DB019-ECCC-405F-B9E3-BE6880D203FA}.Debug|Any CPU.Build.0 = Debug|Any CPU
		{CD2DB019-ECCC-405F-B9E3-BE6880D203FA}.Release|Any CPU.ActiveCfg = Release|Any CPU
		{CD2DB019-ECCC-405F-B9E3-BE6880D203FA}.Release|Any CPU.Build.0 = Release|Any CPU
		{4DBFA7F5-0C36-49AC-B737-0067D7E232D2}.Debug|Any CPU.ActiveCfg = Debug|Any CPU
		{4DBFA7F5-0C36-49AC-B737-0067D7E232D2}.Debug|Any CPU.Build.0 = Debug|Any CPU
		{4DBFA7F5-0C36-49AC-B737-0067D7E232D2}.Release|Any CPU.ActiveCfg = Release|Any CPU
		{4DBFA7F5-0C36-49AC-B737-0067D7E232D2}.Release|Any CPU.Build.0 = Release|Any CPU
		{B7733EFF-6689-494D-B336-16192CA8D764}.Debug|Any CPU.ActiveCfg = Debug|Any CPU
		{B7733EFF-6689-494D-B336-16192CA8D764}.Debug|Any CPU.Build.0 = Debug|Any CPU
		{B7733EFF-6689-494D-B336-16192CA8D764}.Release|Any CPU.ActiveCfg = Release|Any CPU
		{B7733EFF-6689-494D-B336-16192CA8D764}.Release|Any CPU.Build.0 = Release|Any CPU
		{25E5AE51-3AEC-4E95-A03B-3F01C1CAE988}.Debug|Any CPU.ActiveCfg = Debug|Any CPU
		{25E5AE51-3AEC-4E95-A03B-3F01C1CAE988}.Debug|Any CPU.Build.0 = Debug|Any CPU
		{25E5AE51-3AEC-4E95-A03B-3F01C1CAE988}.Release|Any CPU.ActiveCfg = Release|Any CPU
		{25E5AE51-3AEC-4E95-A03B-3F01C1CAE988}.Release|Any CPU.Build.0 = Release|Any CPU
		{2F9B552B-89E0-480A-8E46-73D310C761C5}.Debug|Any CPU.ActiveCfg = Debug|Any CPU
		{2F9B552B-89E0-480A-8E46-73D310C761C5}.Debug|Any CPU.Build.0 = Debug|Any CPU
		{2F9B552B-89E0-480A-8E46-73D310C761C5}.Release|Any CPU.ActiveCfg = Release|Any CPU
		{2F9B552B-89E0-480A-8E46-73D310C761C5}.Release|Any CPU.Build.0 = Release|Any CPU
		{405F4F05-38E0-4973-BBAD-B16142D16C4C}.Debug|Any CPU.ActiveCfg = Debug|Any CPU
		{405F4F05-38E0-4973-BBAD-B16142D16C4C}.Debug|Any CPU.Build.0 = Debug|Any CPU
		{405F4F05-38E0-4973-BBAD-B16142D16C4C}.Release|Any CPU.ActiveCfg = Release|Any CPU
		{405F4F05-38E0-4973-BBAD-B16142D16C4C}.Release|Any CPU.Build.0 = Release|Any CPU
		{30EE3A66-1DC3-4889-A99C-6DF6BA2B3E8B}.Debug|Any CPU.ActiveCfg = Debug|Any CPU
		{30EE3A66-1DC3-4889-A99C-6DF6BA2B3E8B}.Debug|Any CPU.Build.0 = Debug|Any CPU
		{30EE3A66-1DC3-4889-A99C-6DF6BA2B3E8B}.Release|Any CPU.ActiveCfg = Release|Any CPU
		{30EE3A66-1DC3-4889-A99C-6DF6BA2B3E8B}.Release|Any CPU.Build.0 = Release|Any CPU
		{F21BF644-4CA6-4690-BDBB-2AB2AA32D138}.Debug|Any CPU.ActiveCfg = Debug|Any CPU
		{F21BF644-4CA6-4690-BDBB-2AB2AA32D138}.Debug|Any CPU.Build.0 = Debug|Any CPU
		{F21BF644-4CA6-4690-BDBB-2AB2AA32D138}.Release|Any CPU.ActiveCfg = Release|Any CPU
		{F21BF644-4CA6-4690-BDBB-2AB2AA32D138}.Release|Any CPU.Build.0 = Release|Any CPU
		{A6E97FC0-5F1B-4A7A-963C-0DC965EBF1B9}.Debug|Any CPU.ActiveCfg = Debug|Any CPU
		{A6E97FC0-5F1B-4A7A-963C-0DC965EBF1B9}.Debug|Any CPU.Build.0 = Debug|Any CPU
		{A6E97FC0-5F1B-4A7A-963C-0DC965EBF1B9}.Release|Any CPU.ActiveCfg = Release|Any CPU
		{A6E97FC0-5F1B-4A7A-963C-0DC965EBF1B9}.Release|Any CPU.Build.0 = Release|Any CPU
		{F5DBBCF4-6833-4D11-8912-7249FE891766}.Debug|Any CPU.ActiveCfg = Debug|Any CPU
		{F5DBBCF4-6833-4D11-8912-7249FE891766}.Debug|Any CPU.Build.0 = Debug|Any CPU
		{F5DBBCF4-6833-4D11-8912-7249FE891766}.Release|Any CPU.ActiveCfg = Release|Any CPU
		{F5DBBCF4-6833-4D11-8912-7249FE891766}.Release|Any CPU.Build.0 = Release|Any CPU
		{FC6E1E0C-3FD9-4EF6-A87B-0A005415C860}.Debug|Any CPU.ActiveCfg = Debug|Any CPU
		{FC6E1E0C-3FD9-4EF6-A87B-0A005415C860}.Debug|Any CPU.Build.0 = Debug|Any CPU
		{FC6E1E0C-3FD9-4EF6-A87B-0A005415C860}.Release|Any CPU.ActiveCfg = Release|Any CPU
		{FC6E1E0C-3FD9-4EF6-A87B-0A005415C860}.Release|Any CPU.Build.0 = Release|Any CPU
		{88E52714-1684-4A68-AF50-C157A845B4E7}.Debug|Any CPU.ActiveCfg = Debug|Any CPU
		{88E52714-1684-4A68-AF50-C157A845B4E7}.Debug|Any CPU.Build.0 = Debug|Any CPU
		{88E52714-1684-4A68-AF50-C157A845B4E7}.Release|Any CPU.ActiveCfg = Release|Any CPU
		{88E52714-1684-4A68-AF50-C157A845B4E7}.Release|Any CPU.Build.0 = Release|Any CPU
		{A5000D1B-029C-474B-90CA-369E049F575B}.Debug|Any CPU.ActiveCfg = Debug|Any CPU
		{A5000D1B-029C-474B-90CA-369E049F575B}.Debug|Any CPU.Build.0 = Debug|Any CPU
		{A5000D1B-029C-474B-90CA-369E049F575B}.Release|Any CPU.ActiveCfg = Release|Any CPU
		{A5000D1B-029C-474B-90CA-369E049F575B}.Release|Any CPU.Build.0 = Release|Any CPU
	EndGlobalSection
	GlobalSection(SolutionProperties) = preSolution
		HideSolutionNode = FALSE
	EndGlobalSection
	GlobalSection(ExtensibilityGlobals) = postSolution
		SolutionGuid = {0FAEEB63-36FB-4B66-A16C-538C2B2DA2CC}
	EndGlobalSection
EndGlobal
