
Microsoft Visual Studio Solution File, Format Version 12.00
# Visual Studio Version 16
VisualStudioVersion = 16.0.30907.101
MinimumVisualStudioVersion = 10.0.40219.1
Project("{9A19103F-16F7-4668-BE54-9A1E7A4F7556}") = "Kapitel2", "Kapitel2.csproj", "{4E67F9DE-4820-48A6-AB66-2A4302D4EEFC}"
EndProject
Project("{FAE04EC0-301F-11D3-BF4B-00C04F79EFBC}") = "Uppgift2.1", "..\Uppgift2.1\Uppgift2.1.csproj", "{1D41A596-62C8-490D-8EDF-679F637258F9}"
EndProject
Project("{FAE04EC0-301F-11D3-BF4B-00C04F79EFBC}") = "Uppgift2.2", "..\Uppgift2.2\Uppgift2.2.csproj", "{4FC1744F-4C65-48D7-958B-19B2AB4C7E1E}"
EndProject
Project("{FAE04EC0-301F-11D3-BF4B-00C04F79EFBC}") = "Uppgift2.6", "..\Uppgift2.6\Uppgift2.6.csproj", "{CBB35110-AEB1-4432-B6F8-92B47FC88D2B}"
EndProject
Project("{FAE04EC0-301F-11D3-BF4B-00C04F79EFBC}") = "Uppgift2.8", "..\Uppgift2.8\Uppgift2.8.csproj", "{99A8D998-0C3C-4F4C-83B1-DFB28E8D8B9B}"
EndProject
Global
	GlobalSection(SolutionConfigurationPlatforms) = preSolution
		Debug|Any CPU = Debug|Any CPU
		Release|Any CPU = Release|Any CPU
	EndGlobalSection
	GlobalSection(ProjectConfigurationPlatforms) = postSolution
		{4E67F9DE-4820-48A6-AB66-2A4302D4EEFC}.Debug|Any CPU.ActiveCfg = Debug|Any CPU
		{4E67F9DE-4820-48A6-AB66-2A4302D4EEFC}.Debug|Any CPU.Build.0 = Debug|Any CPU
		{4E67F9DE-4820-48A6-AB66-2A4302D4EEFC}.Release|Any CPU.ActiveCfg = Release|Any CPU
		{4E67F9DE-4820-48A6-AB66-2A4302D4EEFC}.Release|Any CPU.Build.0 = Release|Any CPU
		{1D41A596-62C8-490D-8EDF-679F637258F9}.Debug|Any CPU.ActiveCfg = Debug|Any CPU
		{1D41A596-62C8-490D-8EDF-679F637258F9}.Debug|Any CPU.Build.0 = Debug|Any CPU
		{1D41A596-62C8-490D-8EDF-679F637258F9}.Release|Any CPU.ActiveCfg = Release|Any CPU
		{1D41A596-62C8-490D-8EDF-679F637258F9}.Release|Any CPU.Build.0 = Release|Any CPU
		{4FC1744F-4C65-48D7-958B-19B2AB4C7E1E}.Debug|Any CPU.ActiveCfg = Debug|Any CPU
		{4FC1744F-4C65-48D7-958B-19B2AB4C7E1E}.Debug|Any CPU.Build.0 = Debug|Any CPU
		{4FC1744F-4C65-48D7-958B-19B2AB4C7E1E}.Release|Any CPU.ActiveCfg = Release|Any CPU
		{4FC1744F-4C65-48D7-958B-19B2AB4C7E1E}.Release|Any CPU.Build.0 = Release|Any CPU
		{CBB35110-AEB1-4432-B6F8-92B47FC88D2B}.Debug|Any CPU.ActiveCfg = Debug|Any CPU
		{CBB35110-AEB1-4432-B6F8-92B47FC88D2B}.Debug|Any CPU.Build.0 = Debug|Any CPU
		{CBB35110-AEB1-4432-B6F8-92B47FC88D2B}.Release|Any CPU.ActiveCfg = Release|Any CPU
		{CBB35110-AEB1-4432-B6F8-92B47FC88D2B}.Release|Any CPU.Build.0 = Release|Any CPU
		{99A8D998-0C3C-4F4C-83B1-DFB28E8D8B9B}.Debug|Any CPU.ActiveCfg = Debug|Any CPU
		{99A8D998-0C3C-4F4C-83B1-DFB28E8D8B9B}.Debug|Any CPU.Build.0 = Debug|Any CPU
		{99A8D998-0C3C-4F4C-83B1-DFB28E8D8B9B}.Release|Any CPU.ActiveCfg = Release|Any CPU
		{99A8D998-0C3C-4F4C-83B1-DFB28E8D8B9B}.Release|Any CPU.Build.0 = Release|Any CPU
	EndGlobalSection
	GlobalSection(SolutionProperties) = preSolution
		HideSolutionNode = FALSE
	EndGlobalSection
	GlobalSection(ExtensibilityGlobals) = postSolution
		SolutionGuid = {29D701DB-773B-47BA-9E93-E084043AFAE2}
	EndGlobalSection
EndGlobal
